{
  "version": 4,
  "terraform_version": "1.8.4",
  "serial": 377,
  "lineage": "d197cfd0-721b-5094-a806-1af55319b494",
  "outputs": {
    "ami_mapping_by_environment": {
      "value": {
        "dev": "ami-005148a6a3abb558a",
        "prod": "ami-005148a6a3abb558a"
      },
      "type": [
        "object",
        {
          "dev": "string",
          "prod": "string"
        }
      ],
      "sensitive": true
    },
    "domain_name": {
      "value": "HOAG.ORG",
      "type": "string",
      "sensitive": true
    },
    "instance_profile_details": {
      "value": {
        "arn": "arn:aws:iam::701141958689:instance-profile/AmazonSSMRoleForInstancesQuickSetup",
        "id": "AIPA2GP2RIAQVA7NRXBPG",
        "name": "AmazonSSMRoleForInstancesQuickSetup",
        "role": "AmazonSSMRoleForInstancesQuickSetup"
      },
      "type": [
        "object",
        {
          "arn": "string",
          "id": "string",
          "name": "string",
          "role": "string"
        }
      ]
    },
    "instance_status": {
      "value": {
        "0": {
          "instance_id": "i-03d2c56cadbffcf68",
          "state": "running",
          "status": "All status checks passed (verified by wait command)"
        },
        "1": {
          "instance_id": "i-0637c4fcaddd0da1c",
          "state": "running",
          "status": "All status checks passed (verified by wait command)"
        }
      },
      "type": [
        "object",
        {
          "0": [
            "object",
            {
              "instance_id": "string",
              "state": "string",
              "status": "string"
            }
          ],
          "1": [
            "object",
            {
              "instance_id": "string",
              "state": "string",
              "status": "string"
            }
          ]
        }
      ]
    },
    "instance_summary": {
      "value": {
        "0": {
          "AZ": "us-west-2a",
          "Environment": "prod",
          "Instance ID": "i-03d2c56cadbffcf68",
          "Instance Type": "t3.small",
          "Name": "app-prep01",
          "Private IP": "10.20.36.26"
        },
        "1": {
          "AZ": "us-west-2b",
          "Environment": "prod",
          "Instance ID": "i-0637c4fcaddd0da1c",
          "Instance Type": "t3.small",
          "Name": "app-prep02",
          "Private IP": "10.20.36.148"
        }
      },
      "type": [
        "object",
        {
          "0": [
            "object",
            {
              "AZ": "string",
              "Environment": "string",
              "Instance ID": "string",
              "Instance Type": "string",
              "Name": "string",
              "Private IP": "string"
            }
          ],
          "1": [
            "object",
            {
              "AZ": "string",
              "Environment": "string",
              "Instance ID": "string",
              "Instance Type": "string",
              "Name": "string",
              "Private IP": "string"
            }
          ]
        }
      ]
    },
    "latest_windows_ami_id": {
      "value": "ami-005148a6a3abb558a",
      "type": "string",
      "sensitive": true
    },
    "network_info": {
      "value": {
        "0": {
          "availability_zone": "us-west-2a",
          "private_ip": "10.20.36.26",
          "security_groups": [
            "sg-022abd89d3cd9cfd2",
            "sg-06246b23d962c36f7"
          ],
          "subnet_cidr": "10.20.36.0/26",
          "subnet_id": "subnet-0646356db2e0becda",
          "subnet_name": "application_vpc-private2-2A"
        },
        "1": {
          "availability_zone": "us-west-2b",
          "private_ip": "10.20.36.148",
          "security_groups": [
            "sg-022abd89d3cd9cfd2",
            "sg-06246b23d962c36f7"
          ],
          "subnet_cidr": "10.20.36.128/26",
          "subnet_id": "subnet-04b61889e390be739",
          "subnet_name": "application_vpc-private2-2B"
        }
      },
      "type": [
        "object",
        {
          "0": [
            "object",
            {
              "availability_zone": "string",
              "private_ip": "string",
              "security_groups": [
                "set",
                "string"
              ],
              "subnet_cidr": "string",
              "subnet_id": "string",
              "subnet_name": "string"
            }
          ],
          "1": [
            "object",
            {
              "availability_zone": "string",
              "private_ip": "string",
              "security_groups": [
                "set",
                "string"
              ],
              "subnet_cidr": "string",
              "subnet_id": "string",
              "subnet_name": "string"
            }
          ]
        }
      ]
    },
    "role_details": {
      "value": {
        "path": "/",
        "role_arn": "arn:aws:iam::701141958689:role/AmazonSSMRoleForInstancesQuickSetup",
        "role_id": "AmazonSSMRoleForInstancesQuickSetup",
        "role_name": "AmazonSSMRoleForInstancesQuickSetup"
      },
      "type": [
        "object",
        {
          "path": "string",
          "role_arn": "string",
          "role_id": "string",
          "role_name": "string"
        }
      ]
    },
    "windows_ami_details": {
      "value": {
        "arn": "arn:aws:ssm:us-west-2::parameter/aws/service/ami-windows-latest/Windows_Server-2022-English-Full-Base",
        "id": "/aws/service/ami-windows-latest/Windows_Server-2022-English-Full-Base",
        "name": "/aws/service/ami-windows-latest/Windows_Server-2022-English-Full-Base",
        "type": "String",
        "value": "ami-005148a6a3abb558a",
        "version": 50
      },
      "type": [
        "object",
        {
          "arn": "string",
          "id": "string",
          "name": "string",
          "type": "string",
          "value": "string",
          "version": "number"
        }
      ],
      "sensitive": true
    }
  },
  "resources": [
    {
      "mode": "data",
      "type": "aws_caller_identity",
      "name": "current",
      "provider": "provider[\"registry.terraform.io/hashicorp/aws\"]",
      "instances": [
        {
          "schema_version": 0,
          "attributes": {
            "account_id": "701141958689",
            "arn": "arn:aws:sts::701141958689:assumed-role/AWSReservedSSO_AWSAdministratorAccess_415baa95d3091670/MurthySai.Allam@hoag.org",
            "id": "701141958689",
            "user_id": "AROA2GP2RIAQXAOGUTB23:MurthySai.Allam@hoag.org"
          },
          "sensitive_attributes": []
        }
      ]
    },
    {
      "mode": "data",
      "type": "aws_iam_instance_profile",
      "name": "InstancesQuickSetup_profile",
      "provider": "provider[\"registry.terraform.io/hashicorp/aws\"]",
      "instances": [
        {
          "schema_version": 0,
          "attributes": {
            "arn": "arn:aws:iam::701141958689:instance-profile/AmazonSSMRoleForInstancesQuickSetup",
            "create_date": "2023-10-11 18:37:18 +0000 UTC",
            "id": "AIPA2GP2RIAQVA7NRXBPG",
            "name": "AmazonSSMRoleForInstancesQuickSetup",
            "path": "/",
            "role_arn": "arn:aws:iam::701141958689:role/AmazonSSMRoleForInstancesQuickSetup",
            "role_id": "AROA2GP2RIAQRB3LUUBFR",
            "role_name": "AmazonSSMRoleForInstancesQuickSetup"
          },
          "sensitive_attributes": []
        }
      ]
    },
    {
      "mode": "data",
      "type": "aws_iam_role",
      "name": "ec2_role",
      "provider": "provider[\"registry.terraform.io/hashicorp/aws\"]",
      "instances": [
        {
          "schema_version": 0,
          "attributes": {
            "arn": "arn:aws:iam::701141958689:role/AmazonSSMRoleForInstancesQuickSetup",
            "assume_role_policy": "{\"Version\":\"2012-10-17\",\"Statement\":[{\"Effect\":\"Allow\",\"Principal\":{\"Service\":\"ec2.amazonaws.com\"},\"Action\":\"sts:AssumeRole\"}]}",
            "create_date": "2023-10-11T18:37:15Z",
            "description": "EC2 role for SSM for Quick-Setup",
            "id": "AmazonSSMRoleForInstancesQuickSetup",
            "max_session_duration": 3600,
            "name": "AmazonSSMRoleForInstancesQuickSetup",
            "path": "/",
            "permissions_boundary": "",
            "role_last_used": [
              {
                "last_used_date": "2025-03-21T20:22:03Z",
                "region": "us-west-2"
              }
            ],
            "tags": {
              "QSConfigId-1vnyr": "1vnyr",
              "QSConfigId-8dmlv": "8dmlv",
              "QSConfigId-fkp1r": "fkp1r",
              "QSConfigId-pojvu": "pojvu"
            },
            "unique_id": "AROA2GP2RIAQRB3LUUBFR"
          },
          "sensitive_attributes": []
        }
      ]
    },
    {
      "mode": "data",
      "type": "aws_region",
      "name": "current",
      "provider": "provider[\"registry.terraform.io/hashicorp/aws\"]",
      "instances": [
        {
          "schema_version": 0,
          "attributes": {
            "description": "US West (Oregon)",
            "endpoint": "ec2.us-west-2.amazonaws.com",
            "id": "us-west-2",
            "name": "us-west-2"
          },
          "sensitive_attributes": []
        }
      ]
    },
    {
      "mode": "data",
      "type": "aws_secretsmanager_secret",
      "name": "winsrv_ad",
      "provider": "provider[\"registry.terraform.io/hashicorp/aws\"]",
      "instances": [
        {
          "schema_version": 0,
          "attributes": {
            "arn": "arn:aws:secretsmanager:us-west-2:701141958689:secret:hoagwinsrv-admin-104Tvn",
            "description": "Access to the domain controller of us-west-2",
            "id": "arn:aws:secretsmanager:us-west-2:701141958689:secret:hoagwinsrv-admin-104Tvn",
            "kms_key_id": "",
            "name": "hoagwinsrv-admin",
            "policy": "",
            "tags": {}
          },
          "sensitive_attributes": []
        }
      ]
    },
    {
      "mode": "data",
      "type": "aws_secretsmanager_secret_version",
      "name": "winsrv_ad",
      "provider": "provider[\"registry.terraform.io/hashicorp/aws\"]",
      "instances": [
        {
          "schema_version": 0,
          "attributes": {
            "arn": "arn:aws:secretsmanager:us-west-2:701141958689:secret:hoagwinsrv-admin-104Tvn",
            "id": "arn:aws:secretsmanager:us-west-2:701141958689:secret:hoagwinsrv-admin-104Tvn|AWSCURRENT",
            "secret_binary": "",
            "secret_id": "arn:aws:secretsmanager:us-west-2:701141958689:secret:hoagwinsrv-admin-104Tvn",
            "secret_string": "{\"username\":\"Service_FSx\",\"password\":\"x46B!VS2s5GRKe\",\"domain_name\":\"HOAG.ORG\",\"dns_ips_list\":\"10.19.5.10\"}",
            "version_id": "59537e58-1b2a-4f57-a9e8-83aaac2d8c2a",
            "version_stage": "AWSCURRENT",
            "version_stages": [
              "AWSCURRENT"
            ]
          },
          "sensitive_attributes": [
            [
              {
                "type": "get_attr",
                "value": "secret_string"
              }
            ],
            [
              {
                "type": "get_attr",
                "value": "secret_binary"
              }
            ]
          ]
        }
      ]
    },
    {
      "mode": "data",
      "type": "aws_ssm_parameter",
      "name": "windows_ami",
      "provider": "provider[\"registry.terraform.io/hashicorp/aws\"]",
      "instances": [
        {
          "schema_version": 0,
          "attributes": {
            "arn": "arn:aws:ssm:us-west-2::parameter/aws/service/ami-windows-latest/Windows_Server-2022-English-Full-Base",
            "id": "/aws/service/ami-windows-latest/Windows_Server-2022-English-Full-Base",
            "insecure_value": "ami-005148a6a3abb558a",
            "name": "/aws/service/ami-windows-latest/Windows_Server-2022-English-Full-Base",
            "type": "String",
            "value": "ami-005148a6a3abb558a",
            "version": 50,
            "with_decryption": true
          },
          "sensitive_attributes": [
            [
              {
                "type": "get_attr",
                "value": "value"
              }
            ]
          ]
        }
      ]
    },
    {
      "mode": "data",
      "type": "aws_subnet",
      "name": "subnet_details",
      "provider": "provider[\"registry.terraform.io/hashicorp/aws\"]",
      "instances": [
        {
          "index_key": "subnet-04b61889e390be739",
          "schema_version": 0,
          "attributes": {
            "arn": "arn:aws:ec2:us-west-2:701141958689:subnet/subnet-04b61889e390be739",
            "assign_ipv6_address_on_creation": false,
            "availability_zone": "us-west-2b",
            "availability_zone_id": "usw2-az1",
            "available_ip_address_count": 54,
            "cidr_block": "10.20.36.128/26",
            "customer_owned_ipv4_pool": "",
            "default_for_az": false,
            "enable_dns64": false,
            "enable_lni_at_device_index": 0,
            "enable_resource_name_dns_a_record_on_launch": false,
            "enable_resource_name_dns_aaaa_record_on_launch": false,
            "filter": null,
            "id": "subnet-04b61889e390be739",
            "ipv6_cidr_block": "",
            "ipv6_cidr_block_association_id": "",
            "ipv6_native": false,
            "map_customer_owned_ip_on_launch": false,
            "map_public_ip_on_launch": false,
            "outpost_arn": "",
            "owner_id": "701141958689",
            "private_dns_hostname_type_on_launch": "ip-name",
            "state": "available",
            "tags": {
              "ApplicationID": "",
              "ApplicationName": "",
              "Compliance": "None",
              "CostCenter": "1000-84800",
              "DataClassification": "Internal",
              "Department": "",
              "Name": "application_vpc-private2-2B",
              "Notification": "HoagAWSAdmins@Hoag.org",
              "Owner": "IT Cloud Engineering"
            },
            "timeouts": null,
            "vpc_id": "vpc-0b3c68972bc65c0a3"
          },
          "sensitive_attributes": []
        },
        {
          "index_key": "subnet-0646356db2e0becda",
          "schema_version": 0,
          "attributes": {
            "arn": "arn:aws:ec2:us-west-2:701141958689:subnet/subnet-0646356db2e0becda",
            "assign_ipv6_address_on_creation": false,
            "availability_zone": "us-west-2a",
            "availability_zone_id": "usw2-az2",
            "available_ip_address_count": 54,
            "cidr_block": "10.20.36.0/26",
            "customer_owned_ipv4_pool": "",
            "default_for_az": false,
            "enable_dns64": false,
            "enable_lni_at_device_index": 0,
            "enable_resource_name_dns_a_record_on_launch": false,
            "enable_resource_name_dns_aaaa_record_on_launch": false,
            "filter": null,
            "id": "subnet-0646356db2e0becda",
            "ipv6_cidr_block": "",
            "ipv6_cidr_block_association_id": "",
            "ipv6_native": false,
            "map_customer_owned_ip_on_launch": false,
            "map_public_ip_on_launch": false,
            "outpost_arn": "",
            "owner_id": "701141958689",
            "private_dns_hostname_type_on_launch": "ip-name",
            "state": "available",
            "tags": {
              "ApplicationID": "",
              "ApplicationName": "",
              "Compliance": "None",
              "CostCenter": "1000-84800",
              "DataClassification": "Internal",
              "Department": "",
              "Name": "application_vpc-private2-2A",
              "Notification": "HoagAWSAdmins@Hoag.org",
              "Owner": "IT Cloud Engineering"
            },
            "timeouts": null,
            "vpc_id": "vpc-0b3c68972bc65c0a3"
          },
          "sensitive_attributes": []
        }
      ]
    },
    {
      "mode": "data",
      "type": "aws_subnets",
      "name": "az_subnets_info",
      "provider": "provider[\"registry.terraform.io/hashicorp/aws\"]",
      "instances": [
        {
          "schema_version": 0,
          "attributes": {
            "filter": [
              {
                "name": "tag:Name",
                "values": [
                  "*private2-2*"
                ]
              }
            ],
            "id": "us-west-2",
            "ids": [
              "subnet-0646356db2e0becda",
              "subnet-04b61889e390be739"
            ],
            "tags": null,
            "timeouts": null
          },
          "sensitive_attributes": []
        }
      ]
    },
    {
      "mode": "managed",
      "type": "aws_instance",
      "name": "muvservers",
      "provider": "provider[\"registry.terraform.io/hashicorp/aws\"]",
      "instances": [
        {
          "index_key": "0",
          "schema_version": 1,
          "attributes": {
            "ami": "ami-005148a6a3abb558a",
            "arn": "arn:aws:ec2:us-west-2:701141958689:instance/i-03d2c56cadbffcf68",
            "associate_public_ip_address": false,
            "availability_zone": "us-west-2a",
            "capacity_reservation_specification": [
              {
                "capacity_reservation_preference": "open",
                "capacity_reservation_target": []
              }
            ],
            "cpu_core_count": 1,
            "cpu_options": [
              {
                "amd_sev_snp": "",
                "core_count": 1,
                "threads_per_core": 2
              }
            ],
            "cpu_threads_per_core": 2,
            "credit_specification": [
              {
                "cpu_credits": "unlimited"
              }
            ],
            "disable_api_stop": false,
            "disable_api_termination": false,
            "ebs_block_device": [
              {
                "delete_on_termination": true,
                "device_name": "/dev/xvdb",
                "encrypted": true,
                "iops": 3000,
                "kms_key_id": "arn:aws:kms:us-west-2:701141958689:key/e6abbf8c-cd84-4291-b435-d8b5957af6fa",
                "snapshot_id": "",
                "tags": {
                  "ApplicationId": "007",
                  "Compliance": "None",
                  "CostCenter": "1000-84800",
                  "DataClassification": "Internal",
                  "Managed_By": "terraform",
                  "Name": "app-prep01-data-volume",
                  "Notification": "xxxx",
                  "ResourceOwner": "storage team"
                },
                "throughput": 125,
                "volume_id": "vol-08c6d882bbab796fc",
                "volume_size": 50,
                "volume_type": "gp3"
              }
            ],
            "ebs_optimized": false,
            "enclave_options": [
              {
                "enabled": false
              }
            ],
            "ephemeral_block_device": [],
            "get_password_data": false,
            "hibernation": false,
            "host_id": "",
            "host_resource_group_arn": null,
            "iam_instance_profile": "AmazonSSMRoleForInstancesQuickSetup",
            "id": "i-03d2c56cadbffcf68",
            "instance_initiated_shutdown_behavior": "stop",
            "instance_lifecycle": "",
            "instance_market_options": [],
            "instance_state": "running",
            "instance_type": "t3.small",
            "ipv6_address_count": 0,
            "ipv6_addresses": [],
            "key_name": "",
            "launch_template": [],
            "maintenance_options": [
              {
                "auto_recovery": "default"
              }
            ],
            "metadata_options": [
              {
                "http_endpoint": "enabled",
                "http_protocol_ipv6": "disabled",
                "http_put_response_hop_limit": 1,
                "http_tokens": "required",
                "instance_metadata_tags": "disabled"
              }
            ],
            "monitoring": true,
            "network_interface": [],
            "outpost_arn": "",
            "password_data": "",
            "placement_group": "",
            "placement_partition_number": 0,
            "primary_network_interface_id": "eni-01b2ce864cfa4d7f4",
            "private_dns": "ip-10-20-36-26.us-west-2.compute.internal",
            "private_dns_name_options": [
              {
                "enable_resource_name_dns_a_record": false,
                "enable_resource_name_dns_aaaa_record": false,
                "hostname_type": "ip-name"
              }
            ],
            "private_ip": "10.20.36.26",
            "public_dns": "",
            "public_ip": "",
            "root_block_device": [
              {
                "delete_on_termination": true,
                "device_name": "/dev/sda1",
                "encrypted": true,
                "iops": 150,
                "kms_key_id": "arn:aws:kms:us-west-2:701141958689:key/e6abbf8c-cd84-4291-b435-d8b5957af6fa",
                "tags": {
                  "Environment": "prod",
                  "Name": "app-prep01-root-volume"
                },
                "throughput": 0,
                "volume_id": "vol-090afaf10ed3ff3c0",
                "volume_size": 50,
                "volume_type": "gp2"
              }
            ],
            "secondary_private_ips": [],
            "security_groups": [],
            "source_dest_check": true,
            "spot_instance_request_id": "",
            "subnet_id": "subnet-0646356db2e0becda",
            "tags": {
              "AZ": "us-west-2a",
              "ApplicationId": "007",
              "Compliance": "None",
              "CostCenter": "1000-84800",
              "DataClassification": "Internal",
              "Environment": "prod",
              "Managed_By": "terraform",
              "Name": "app-prep01",
              "Notification": "xxxx",
              "ResourceOwner": "storage team",
              "Role": "AmazonSSMRoleForInstancesQuickSetup",
              "Terraform": "true"
            },
            "tags_all": {
              "AZ": "us-west-2a",
              "ApplicationId": "007",
              "Compliance": "None",
              "CostCenter": "1000-84800",
              "DataClassification": "Internal",
              "Environment": "prod",
              "Managed_By": "terraform",
              "Name": "app-prep01",
              "Notification": "xxxx",
              "ResourceOwner": "storage team",
              "Role": "AmazonSSMRoleForInstancesQuickSetup",
              "Terraform": "true"
            },
            "tenancy": "default",
            "timeouts": null,
            "user_data": "9ad8d6ab469dd1c82ecbb46b5609c73cdc8fb9cb",
            "user_data_base64": null,
            "user_data_replace_on_change": false,
            "volume_tags": null,
            "vpc_security_group_ids": [
              "sg-022abd89d3cd9cfd2",
              "sg-06246b23d962c36f7"
            ]
          },
          "sensitive_attributes": [
            [
              {
                "type": "get_attr",
                "value": "ami"
              }
            ],
            [
              {
                "type": "get_attr",
                "value": "user_data"
              }
            ]
          ],
          "private": "eyJlMmJmYjczMC1lY2FhLTExZTYtOGY4OC0zNDM2M2JjN2M0YzAiOnsiY3JlYXRlIjo2MDAwMDAwMDAwMDAsImRlbGV0ZSI6MTIwMDAwMDAwMDAwMCwidXBkYXRlIjo2MDAwMDAwMDAwMDB9LCJzY2hlbWFfdmVyc2lvbiI6IjEifQ==",
          "dependencies": [
            "aws_security_group.ec2",
            "data.aws_secretsmanager_secret.winsrv_ad",
            "data.aws_secretsmanager_secret_version.winsrv_ad",
            "data.aws_ssm_parameter.windows_ami",
            "data.aws_subnet.subnet_details",
            "data.aws_subnets.az_subnets_info"
          ]
        },
        {
          "index_key": "1",
          "schema_version": 1,
          "attributes": {
            "ami": "ami-005148a6a3abb558a",
            "arn": "arn:aws:ec2:us-west-2:701141958689:instance/i-0637c4fcaddd0da1c",
            "associate_public_ip_address": false,
            "availability_zone": "us-west-2b",
            "capacity_reservation_specification": [
              {
                "capacity_reservation_preference": "open",
                "capacity_reservation_target": []
              }
            ],
            "cpu_core_count": 1,
            "cpu_options": [
              {
                "amd_sev_snp": "",
                "core_count": 1,
                "threads_per_core": 2
              }
            ],
            "cpu_threads_per_core": 2,
            "credit_specification": [
              {
                "cpu_credits": "unlimited"
              }
            ],
            "disable_api_stop": false,
            "disable_api_termination": false,
            "ebs_block_device": [
              {
                "delete_on_termination": true,
                "device_name": "/dev/xvdb",
                "encrypted": true,
                "iops": 3000,
                "kms_key_id": "arn:aws:kms:us-west-2:701141958689:key/e6abbf8c-cd84-4291-b435-d8b5957af6fa",
                "snapshot_id": "",
                "tags": {
                  "ApplicationId": "007",
                  "Compliance": "None",
                  "CostCenter": "1000-84800",
                  "DataClassification": "Internal",
                  "Managed_By": "terraform",
                  "Name": "app-prep02-data-volume",
                  "Notification": "xxxx",
                  "ResourceOwner": "storage team"
                },
                "throughput": 125,
                "volume_id": "vol-0edd01e31f5212507",
                "volume_size": 50,
                "volume_type": "gp3"
              }
            ],
            "ebs_optimized": false,
            "enclave_options": [
              {
                "enabled": false
              }
            ],
            "ephemeral_block_device": [],
            "get_password_data": false,
            "hibernation": false,
            "host_id": "",
            "host_resource_group_arn": null,
            "iam_instance_profile": "AmazonSSMRoleForInstancesQuickSetup",
            "id": "i-0637c4fcaddd0da1c",
            "instance_initiated_shutdown_behavior": "stop",
            "instance_lifecycle": "",
            "instance_market_options": [],
            "instance_state": "running",
            "instance_type": "t3.small",
            "ipv6_address_count": 0,
            "ipv6_addresses": [],
            "key_name": "",
            "launch_template": [],
            "maintenance_options": [
              {
                "auto_recovery": "default"
              }
            ],
            "metadata_options": [
              {
                "http_endpoint": "enabled",
                "http_protocol_ipv6": "disabled",
                "http_put_response_hop_limit": 1,
                "http_tokens": "required",
                "instance_metadata_tags": "disabled"
              }
            ],
            "monitoring": true,
            "network_interface": [],
            "outpost_arn": "",
            "password_data": "",
            "placement_group": "",
            "placement_partition_number": 0,
            "primary_network_interface_id": "eni-097830d542917b632",
            "private_dns": "ip-10-20-36-148.us-west-2.compute.internal",
            "private_dns_name_options": [
              {
                "enable_resource_name_dns_a_record": false,
                "enable_resource_name_dns_aaaa_record": false,
                "hostname_type": "ip-name"
              }
            ],
            "private_ip": "10.20.36.148",
            "public_dns": "",
            "public_ip": "",
            "root_block_device": [
              {
                "delete_on_termination": true,
                "device_name": "/dev/sda1",
                "encrypted": true,
                "iops": 150,
                "kms_key_id": "arn:aws:kms:us-west-2:701141958689:key/e6abbf8c-cd84-4291-b435-d8b5957af6fa",
                "tags": {
                  "Environment": "prod",
                  "Name": "app-prep02-root-volume"
                },
                "throughput": 0,
                "volume_id": "vol-0013cce4c7d8de05f",
                "volume_size": 50,
                "volume_type": "gp2"
              }
            ],
            "secondary_private_ips": [],
            "security_groups": [],
            "source_dest_check": true,
            "spot_instance_request_id": "",
            "subnet_id": "subnet-04b61889e390be739",
            "tags": {
              "AZ": "us-west-2b",
              "ApplicationId": "007",
              "Compliance": "None",
              "CostCenter": "1000-84800",
              "DataClassification": "Internal",
              "Environment": "prod",
              "Managed_By": "terraform",
              "Name": "app-prep02",
              "Notification": "xxxx",
              "ResourceOwner": "storage team",
              "Role": "AmazonSSMRoleForInstancesQuickSetup",
              "Terraform": "true"
            },
            "tags_all": {
              "AZ": "us-west-2b",
              "ApplicationId": "007",
              "Compliance": "None",
              "CostCenter": "1000-84800",
              "DataClassification": "Internal",
              "Environment": "prod",
              "Managed_By": "terraform",
              "Name": "app-prep02",
              "Notification": "xxxx",
              "ResourceOwner": "storage team",
              "Role": "AmazonSSMRoleForInstancesQuickSetup",
              "Terraform": "true"
            },
            "tenancy": "default",
            "timeouts": null,
            "user_data": "b0bae35626bb79f02ea09982d9bb2f817571aa55",
            "user_data_base64": null,
            "user_data_replace_on_change": false,
            "volume_tags": null,
            "vpc_security_group_ids": [
              "sg-022abd89d3cd9cfd2",
              "sg-06246b23d962c36f7"
            ]
          },
          "sensitive_attributes": [
            [
              {
                "type": "get_attr",
                "value": "ami"
              }
            ],
            [
              {
                "type": "get_attr",
                "value": "user_data"
              }
            ]
          ],
          "private": "eyJlMmJmYjczMC1lY2FhLTExZTYtOGY4OC0zNDM2M2JjN2M0YzAiOnsiY3JlYXRlIjo2MDAwMDAwMDAwMDAsImRlbGV0ZSI6MTIwMDAwMDAwMDAwMCwidXBkYXRlIjo2MDAwMDAwMDAwMDB9LCJzY2hlbWFfdmVyc2lvbiI6IjEifQ==",
          "dependencies": [
            "aws_security_group.ec2",
            "data.aws_secretsmanager_secret.winsrv_ad",
            "data.aws_secretsmanager_secret_version.winsrv_ad",
            "data.aws_ssm_parameter.windows_ami",
            "data.aws_subnet.subnet_details",
            "data.aws_subnets.az_subnets_info"
          ]
        }
      ]
    },
    {
      "mode": "managed",
      "type": "aws_security_group",
      "name": "ec2",
      "provider": "provider[\"registry.terraform.io/hashicorp/aws\"]",
      "instances": [
        {
          "schema_version": 1,
          "attributes": {
            "arn": "arn:aws:ec2:us-west-2:701141958689:security-group/sg-022abd89d3cd9cfd2",
            "description": "Security group for private EC2 instances",
            "egress": [
              {
                "cidr_blocks": [
                  "0.0.0.0/0"
                ],
                "description": "Allow all outbound traffic",
                "from_port": 0,
                "ipv6_cidr_blocks": [],
                "prefix_list_ids": [],
                "protocol": "-1",
                "security_groups": [],
                "self": false,
                "to_port": 0
              }
            ],
            "id": "sg-022abd89d3cd9cfd2",
            "ingress": [
              {
                "cidr_blocks": [
                  "0.0.0.0/0"
                ],
                "description": "Allow HTTP from ALB",
                "from_port": 80,
                "ipv6_cidr_blocks": [],
                "prefix_list_ids": [],
                "protocol": "tcp",
                "security_groups": [],
                "self": false,
                "to_port": 80
              },
              {
                "cidr_blocks": [
                  "0.0.0.0/0"
                ],
                "description": "Allow HTTP from all traffic",
                "from_port": 0,
                "ipv6_cidr_blocks": [],
                "prefix_list_ids": [],
                "protocol": "-1",
                "security_groups": [],
                "self": false,
                "to_port": 0
              },
              {
                "cidr_blocks": [
                  "0.0.0.0/0"
                ],
                "description": "Allow HTTPS from ALB",
                "from_port": 443,
                "ipv6_cidr_blocks": [],
                "prefix_list_ids": [],
                "protocol": "tcp",
                "security_groups": [],
                "self": false,
                "to_port": 443
              },
              {
                "cidr_blocks": [
                  "0.0.0.0/0"
                ],
                "description": "Allow RDP from Bastion",
                "from_port": 3389,
                "ipv6_cidr_blocks": [],
                "prefix_list_ids": [],
                "protocol": "tcp",
                "security_groups": [],
                "self": false,
                "to_port": 3389
              }
            ],
            "name": "ec2-private-sg-app01",
            "name_prefix": "",
            "owner_id": "701141958689",
            "revoke_rules_on_delete": false,
            "tags": {
              "Environment": "prod",
              "Name": "ec2-priv-sg-muv",
              "Terraform": "true"
            },
            "tags_all": {
              "Environment": "prod",
              "Name": "ec2-priv-sg-muv",
              "Terraform": "true"
            },
            "timeouts": null,
            "vpc_id": "vpc-0b3c68972bc65c0a3"
          },
          "sensitive_attributes": [],
          "private": "eyJlMmJmYjczMC1lY2FhLTExZTYtOGY4OC0zNDM2M2JjN2M0YzAiOnsiY3JlYXRlIjo2MDAwMDAwMDAwMDAsImRlbGV0ZSI6OTAwMDAwMDAwMDAwfSwic2NoZW1hX3ZlcnNpb24iOiIxIn0=",
          "create_before_destroy": true
        }
      ]
    },
    {
      "mode": "managed",
      "type": "aws_sns_topic",
      "name": "ec2_completion",
      "provider": "provider[\"registry.terraform.io/hashicorp/aws\"]",
      "instances": [
        {
          "schema_version": 0,
          "attributes": {
            "application_failure_feedback_role_arn": "",
            "application_success_feedback_role_arn": "",
            "application_success_feedback_sample_rate": 0,
            "archive_policy": "",
            "arn": "arn:aws:sns:us-west-2:701141958689:ec2-deployment-completion-notification",
            "beginning_archive_time": "",
            "content_based_deduplication": false,
            "delivery_policy": "",
            "display_name": "",
            "fifo_topic": false,
            "firehose_failure_feedback_role_arn": "",
            "firehose_success_feedback_role_arn": "",
            "firehose_success_feedback_sample_rate": 0,
            "http_failure_feedback_role_arn": "",
            "http_success_feedback_role_arn": "",
            "http_success_feedback_sample_rate": 0,
            "id": "arn:aws:sns:us-west-2:701141958689:ec2-deployment-completion-notification",
            "kms_master_key_id": "",
            "lambda_failure_feedback_role_arn": "",
            "lambda_success_feedback_role_arn": "",
            "lambda_success_feedback_sample_rate": 0,
            "name": "ec2-deployment-completion-notification",
            "name_prefix": "",
            "owner": "701141958689",
            "policy": "{\"Id\":\"__default_policy_ID\",\"Statement\":[{\"Action\":[\"SNS:GetTopicAttributes\",\"SNS:SetTopicAttributes\",\"SNS:AddPermission\",\"SNS:RemovePermission\",\"SNS:DeleteTopic\",\"SNS:Subscribe\",\"SNS:ListSubscriptionsByTopic\",\"SNS:Publish\"],\"Condition\":{\"StringEquals\":{\"AWS:SourceOwner\":\"701141958689\"}},\"Effect\":\"Allow\",\"Principal\":{\"AWS\":\"*\"},\"Resource\":\"arn:aws:sns:us-west-2:701141958689:ec2-deployment-completion-notification\",\"Sid\":\"__default_statement_ID\"}],\"Version\":\"2008-10-17\"}",
            "signature_version": 0,
            "sqs_failure_feedback_role_arn": "",
            "sqs_success_feedback_role_arn": "",
            "sqs_success_feedback_sample_rate": 0,
            "tags": {
              "Environment": "prod",
              "Name": "EC2 Deployment Notifications"
            },
            "tags_all": {
              "Environment": "prod",
              "Name": "EC2 Deployment Notifications"
            },
            "tracing_config": ""
          },
          "sensitive_attributes": [],
          "private": "bnVsbA=="
        }
      ]
    },
    {
      "mode": "managed",
      "type": "aws_sns_topic_subscription",
      "name": "ec2_completion_email",
      "provider": "provider[\"registry.terraform.io/hashicorp/aws\"]",
      "instances": [
        {
          "schema_version": 0,
          "attributes": {
            "arn": "arn:aws:sns:us-west-2:701141958689:ec2-deployment-completion-notification:75abb889-de76-4ddc-b2fc-243544ea4cdc",
            "confirmation_timeout_in_minutes": 1,
            "confirmation_was_authenticated": false,
            "delivery_policy": "",
            "endpoint": "murthysai.allam@hoag.org",
            "endpoint_auto_confirms": false,
            "filter_policy": "",
            "filter_policy_scope": "",
            "id": "arn:aws:sns:us-west-2:701141958689:ec2-deployment-completion-notification:75abb889-de76-4ddc-b2fc-243544ea4cdc",
            "owner_id": "701141958689",
            "pending_confirmation": true,
            "protocol": "email",
            "raw_message_delivery": false,
            "redrive_policy": "",
            "replay_policy": "",
            "subscription_role_arn": "",
            "topic_arn": "arn:aws:sns:us-west-2:701141958689:ec2-deployment-completion-notification"
          },
          "sensitive_attributes": [],
          "private": "bnVsbA==",
          "dependencies": [
            "aws_sns_topic.ec2_completion"
          ]
        }
      ]
    },
    {
      "mode": "managed",
      "type": "null_resource",
      "name": "completion_message",
      "provider": "provider[\"registry.terraform.io/hashicorp/null\"]",
      "instances": [
        {
          "schema_version": 0,
          "attributes": {
            "id": "691186533",
            "triggers": null
          },
          "sensitive_attributes": [],
          "dependencies": [
            "aws_instance.muvservers",
            "aws_security_group.ec2",
            "data.aws_region.current",
            "data.aws_secretsmanager_secret.winsrv_ad",
            "data.aws_secretsmanager_secret_version.winsrv_ad",
            "data.aws_ssm_parameter.windows_ami",
            "data.aws_subnet.subnet_details",
            "data.aws_subnets.az_subnets_info",
            "null_resource.wait_for_instance_ready",
            "time_sleep.wait_01_minutes"
          ]
        }
      ]
    },
    {
      "mode": "managed",
      "type": "null_resource",
      "name": "send_detailed_completion_email",
      "provider": "provider[\"registry.terraform.io/hashicorp/null\"]",
      "instances": [
        {
          "schema_version": 0,
          "attributes": {
            "id": "506320878",
            "triggers": {
              "instance_ids": "i-03d2c56cadbffcf68,i-0637c4fcaddd0da1c",
              "timestamp": "2025-03-21T20:37:30Z"
            }
          },
          "sensitive_attributes": [],
          "dependencies": [
            "aws_instance.muvservers",
            "aws_security_group.ec2",
            "aws_sns_topic.ec2_completion",
            "aws_sns_topic_subscription.ec2_completion_email",
            "data.aws_region.current",
            "data.aws_secretsmanager_secret.winsrv_ad",
            "data.aws_secretsmanager_secret_version.winsrv_ad",
            "data.aws_ssm_parameter.windows_ami",
            "data.aws_subnet.subnet_details",
            "data.aws_subnets.az_subnets_info",
            "null_resource.completion_message",
            "null_resource.wait_for_instance_ready",
            "time_sleep.wait_01_minutes"
          ]
        }
      ]
    },
    {
      "mode": "managed",
      "type": "null_resource",
      "name": "status_message",
      "provider": "provider[\"registry.terraform.io/hashicorp/null\"]",
      "instances": [
        {
          "schema_version": 0,
          "attributes": {
            "id": "1065806",
            "triggers": null
          },
          "sensitive_attributes": [],
          "dependencies": [
            "aws_instance.muvservers",
            "aws_security_group.ec2",
            "data.aws_secretsmanager_secret.winsrv_ad",
            "data.aws_secretsmanager_secret_version.winsrv_ad",
            "data.aws_ssm_parameter.windows_ami",
            "data.aws_subnet.subnet_details",
            "data.aws_subnets.az_subnets_info"
          ]
        }
      ]
    },
    {
      "mode": "managed",
      "type": "null_resource",
      "name": "wait_for_instance_ready",
      "provider": "provider[\"registry.terraform.io/hashicorp/null\"]",
      "instances": [
        {
          "index_key": "0",
          "schema_version": 0,
          "attributes": {
            "id": "989096141",
            "triggers": {
              "instance_id": "i-03d2c56cadbffcf68",
              "user_data": "9ad8d6ab469dd1c82ecbb46b5609c73cdc8fb9cb"
            }
          },
          "sensitive_attributes": [
            [
              {
                "type": "get_attr",
                "value": "triggers"
              },
              {
                "type": "index",
                "value": {
                  "value": "user_data",
                  "type": "string"
                }
              }
            ]
          ],
          "dependencies": [
            "aws_instance.muvservers",
            "aws_security_group.ec2",
            "data.aws_region.current",
            "data.aws_secretsmanager_secret.winsrv_ad",
            "data.aws_secretsmanager_secret_version.winsrv_ad",
            "data.aws_ssm_parameter.windows_ami",
            "data.aws_subnet.subnet_details",
            "data.aws_subnets.az_subnets_info"
          ]
        },
        {
          "index_key": "1",
          "schema_version": 0,
          "attributes": {
            "id": "2017888786",
            "triggers": {
              "instance_id": "i-0637c4fcaddd0da1c",
              "user_data": "b0bae35626bb79f02ea09982d9bb2f817571aa55"
            }
          },
          "sensitive_attributes": [
            [
              {
                "type": "get_attr",
                "value": "triggers"
              },
              {
                "type": "index",
                "value": {
                  "value": "user_data",
                  "type": "string"
                }
              }
            ]
          ],
          "dependencies": [
            "aws_instance.muvservers",
            "aws_security_group.ec2",
            "data.aws_region.current",
            "data.aws_secretsmanager_secret.winsrv_ad",
            "data.aws_secretsmanager_secret_version.winsrv_ad",
            "data.aws_ssm_parameter.windows_ami",
            "data.aws_subnet.subnet_details",
            "data.aws_subnets.az_subnets_info"
          ]
        }
      ]
    },
    {
      "mode": "managed",
      "type": "time_sleep",
      "name": "wait_01_minutes",
      "provider": "provider[\"registry.terraform.io/hashicorp/time\"]",
      "instances": [
        {
          "schema_version": 0,
          "attributes": {
            "create_duration": "60s",
            "destroy_duration": null,
            "id": "2025-03-21T20:32:29Z",
            "triggers": {
              "start_time": "2025-03-21T20:31:29Z"
            }
          },
          "sensitive_attributes": [],
          "dependencies": [
            "aws_instance.muvservers",
            "aws_security_group.ec2",
            "data.aws_region.current",
            "data.aws_secretsmanager_secret.winsrv_ad",
            "data.aws_secretsmanager_secret_version.winsrv_ad",
            "data.aws_ssm_parameter.windows_ami",
            "data.aws_subnet.subnet_details",
            "data.aws_subnets.az_subnets_info",
            "null_resource.wait_for_instance_ready"
          ]
        }
      ]
    }
  ],
  "check_results": [
    {
      "object_kind": "resource",
      "config_addr": "aws_instance.muvservers",
      "status": "pass",
      "objects": [
        {
          "object_addr": "aws_instance.muvservers[\"1\"]",
          "status": "pass"
        },
        {
          "object_addr": "aws_instance.muvservers[\"0\"]",
          "status": "pass"
        }
      ]
    },
    {
      "object_kind": "var",
      "config_addr": "var.instance_size",
      "status": "pass",
      "objects": [
        {
          "object_addr": "var.instance_size",
          "status": "pass"
        }
      ]
    },
    {
      "object_kind": "var",
      "config_addr": "var.environment",
      "status": "pass",
      "objects": [
        {
          "object_addr": "var.environment",
          "status": "pass"
        }
      ]
    }
  ]
}
